{
  "nodes": {
    "disko": {
      "inputs": {
        "nixpkgs": "nixpkgs"
      },
      "locked": {
        "lastModified": 1743579236,
        "narHash": "sha256-ViE7NoFWytYO2uJONTAX35eGsvTYXNHjWALeHAg8OQY=",
        "owner": "arachnist",
        "repo": "disko",
        "rev": "2972ab376b1b6179099f99ede47e035d81a5d9c5",
        "type": "github"
      },
      "original": {
        "owner": "arachnist",
        "ref": "disko-vm-get-imageName",
        "repo": "disko",
        "type": "github"
      }
    },
    "nixpkgs": {
      "locked": {
        "lastModified": 1743259260,
        "narHash": "sha256-ArWLUgRm1tKHiqlhnymyVqi5kLNCK5ghvm06mfCl4QY=",
        "owner": "NixOS",
        "repo": "nixpkgs",
        "rev": "eb0e0f21f15c559d2ac7633dc81d079d1caf5f5f",
        "type": "github"
      },
      "original": {
        "owner": "NixOS",
        "ref": "nixpkgs-unstable",
        "repo": "nixpkgs",
        "type": "github"
      }
    },
    "nixpkgs_2": {
      "locked": {
        "lastModified": 1743033970,
        "narHash": "sha256-crmdcZNYlyOt/dN0GnQUiYnKFyn42AL/YRUJpb1qYl8=",
        "owner": "arachnist",
        "repo": "nixpkgs",
        "rev": "c20f56227e4dd233920f1742e44cad11e139c660",
        "type": "github"
      },
      "original": {
        "owner": "arachnist",
        "ref": "ar-patchset-unstable",
        "repo": "nixpkgs",
        "type": "github"
      }
    },
    "root": {
      "inputs": {
        "disko": "disko",
        "nixpkgs": "nixpkgs_2"
      }
    }
  },
  "root": "root",
  "version": 7
}
